// !$*UTF8*$!
{
	archiveVersion = 1;
	classes = {
	};
	objectVersion = 56;
	objects = {

/* Begin PBXBuildFile section */
		DF0D062A2C58EA1E00FA8660 /* CallsTabScreenView.swift in Sources */ = {isa = PBXBuildFile; fileRef = DF0D06292C58EA1E00FA8660 /* CallsTabScreenView.swift */; };
		DF0D06332C58F91C00FA8660 /* CommunityTabScreenView.swift in Sources */ = {isa = PBXBuildFile; fileRef = DF0D06322C58F91C00FA8660 /* CommunityTabScreenView.swift */; };
		DF0D06372C58FC6300FA8660 /* ChannelTabScreenView.swift in Sources */ = {isa = PBXBuildFile; fileRef = DF0D06362C58FC6300FA8660 /* ChannelTabScreenView.swift */; };
		DF0D06392C58FE2100FA8660 /* ChannelItemView.swift in Sources */ = {isa = PBXBuildFile; fileRef = DF0D06382C58FE2100FA8660 /* ChannelItemView.swift */; };
		DF3872D62C5A647800B9D65E /* BubbleImageView.swift in Sources */ = {isa = PBXBuildFile; fileRef = DF3872D52C5A647800B9D65E /* BubbleImageView.swift */; };
		DFC014612C57B9610081E0B6 /* WhatsAppCloneApp.swift in Sources */ = {isa = PBXBuildFile; fileRef = DFC014602C57B9610081E0B6 /* WhatsAppCloneApp.swift */; };
		DFC014652C57B9620081E0B6 /* Assets.xcassets in Resources */ = {isa = PBXBuildFile; fileRef = DFC014642C57B9620081E0B6 /* Assets.xcassets */; };
		DFC014682C57B9620081E0B6 /* Preview Assets.xcassets in Resources */ = {isa = PBXBuildFile; fileRef = DFC014672C57B9620081E0B6 /* Preview Assets.xcassets */; };
		DFC014702C57B9B00081E0B6 /* MainTabView.swift in Sources */ = {isa = PBXBuildFile; fileRef = DFC0146F2C57B9B00081E0B6 /* MainTabView.swift */; };
		DFC014732C57C0A20081E0B6 /* UpdatesTabScreenView.swift in Sources */ = {isa = PBXBuildFile; fileRef = DFC014722C57C0A20081E0B6 /* UpdatesTabScreenView.swift */; };
		DFC694CD2C590D8700887AC6 /* SettingsItem.swift in Sources */ = {isa = PBXBuildFile; fileRef = DFC694CC2C590D8700887AC6 /* SettingsItem.swift */; };
		DFC694CF2C590DC400887AC6 /* SettingsItemView.swift in Sources */ = {isa = PBXBuildFile; fileRef = DFC694CE2C590DC400887AC6 /* SettingsItemView.swift */; };
		DFC694D12C590EED00887AC6 /* SettingsTabScreen.swift in Sources */ = {isa = PBXBuildFile; fileRef = DFC694D02C590EED00887AC6 /* SettingsTabScreen.swift */; };
		DFC694D52C59186900887AC6 /* TextInputArea.swift in Sources */ = {isa = PBXBuildFile; fileRef = DFC694D42C59186900887AC6 /* TextInputArea.swift */; };
		DFC694D72C591A6400887AC6 /* ChatRoomScreenView.swift in Sources */ = {isa = PBXBuildFile; fileRef = DFC694D62C591A6400887AC6 /* ChatRoomScreenView.swift */; };
		DFF964F82C5A42ED00B69C6B /* MessageListController.swift in Sources */ = {isa = PBXBuildFile; fileRef = DFF964F72C5A42ED00B69C6B /* MessageListController.swift */; };
		DFF964FC2C5A47AD00B69C6B /* MessageListView.swift in Sources */ = {isa = PBXBuildFile; fileRef = DFF964FB2C5A47AD00B69C6B /* MessageListView.swift */; };
		DFF964FF2C5A498B00B69C6B /* MessageItem.swift in Sources */ = {isa = PBXBuildFile; fileRef = DFF964FE2C5A498B00B69C6B /* MessageItem.swift */; };
		DFF965012C5A4A7300B69C6B /* BubbleTextView.swift in Sources */ = {isa = PBXBuildFile; fileRef = DFF965002C5A4A7300B69C6B /* BubbleTextView.swift */; };
		DFF965042C5A4BA900B69C6B /* CustomModifiers.swift in Sources */ = {isa = PBXBuildFile; fileRef = DFF965032C5A4BA900B69C6B /* CustomModifiers.swift */; };
		DFF965062C5A4C5900B69C6B /* BubbleTailView.swift in Sources */ = {isa = PBXBuildFile; fileRef = DFF965052C5A4C5900B69C6B /* BubbleTailView.swift */; };
/* End PBXBuildFile section */

/* Begin PBXFileReference section */
		DF0D06292C58EA1E00FA8660 /* CallsTabScreenView.swift */ = {isa = PBXFileReference; lastKnownFileType = sourcecode.swift; path = CallsTabScreenView.swift; sourceTree = "<group>"; };
		DF0D06322C58F91C00FA8660 /* CommunityTabScreenView.swift */ = {isa = PBXFileReference; lastKnownFileType = sourcecode.swift; path = CommunityTabScreenView.swift; sourceTree = "<group>"; };
		DF0D06362C58FC6300FA8660 /* ChannelTabScreenView.swift */ = {isa = PBXFileReference; lastKnownFileType = sourcecode.swift; path = ChannelTabScreenView.swift; sourceTree = "<group>"; };
		DF0D06382C58FE2100FA8660 /* ChannelItemView.swift */ = {isa = PBXFileReference; lastKnownFileType = sourcecode.swift; path = ChannelItemView.swift; sourceTree = "<group>"; };
		DF3872D52C5A647800B9D65E /* BubbleImageView.swift */ = {isa = PBXFileReference; lastKnownFileType = sourcecode.swift; path = BubbleImageView.swift; sourceTree = "<group>"; };
		DFC0145D2C57B9610081E0B6 /* WhatsAppClone.app */ = {isa = PBXFileReference; explicitFileType = wrapper.application; includeInIndex = 0; path = WhatsAppClone.app; sourceTree = BUILT_PRODUCTS_DIR; };
		DFC014602C57B9610081E0B6 /* WhatsAppCloneApp.swift */ = {isa = PBXFileReference; lastKnownFileType = sourcecode.swift; path = WhatsAppCloneApp.swift; sourceTree = "<group>"; };
		DFC014642C57B9620081E0B6 /* Assets.xcassets */ = {isa = PBXFileReference; lastKnownFileType = folder.assetcatalog; path = Assets.xcassets; sourceTree = "<group>"; };
		DFC014672C57B9620081E0B6 /* Preview Assets.xcassets */ = {isa = PBXFileReference; lastKnownFileType = folder.assetcatalog; path = "Preview Assets.xcassets"; sourceTree = "<group>"; };
		DFC0146F2C57B9B00081E0B6 /* MainTabView.swift */ = {isa = PBXFileReference; lastKnownFileType = sourcecode.swift; path = MainTabView.swift; sourceTree = "<group>"; };
		DFC014712C57BE920081E0B6 /* README.md */ = {isa = PBXFileReference; lastKnownFileType = net.daringfireball.markdown; path = README.md; sourceTree = "<group>"; };
		DFC014722C57C0A20081E0B6 /* UpdatesTabScreenView.swift */ = {isa = PBXFileReference; lastKnownFileType = sourcecode.swift; path = UpdatesTabScreenView.swift; sourceTree = "<group>"; };
		DFC694CC2C590D8700887AC6 /* SettingsItem.swift */ = {isa = PBXFileReference; lastKnownFileType = sourcecode.swift; path = SettingsItem.swift; sourceTree = "<group>"; };
		DFC694CE2C590DC400887AC6 /* SettingsItemView.swift */ = {isa = PBXFileReference; lastKnownFileType = sourcecode.swift; path = SettingsItemView.swift; sourceTree = "<group>"; };
		DFC694D02C590EED00887AC6 /* SettingsTabScreen.swift */ = {isa = PBXFileReference; lastKnownFileType = sourcecode.swift; path = SettingsTabScreen.swift; sourceTree = "<group>"; };
		DFC694D42C59186900887AC6 /* TextInputArea.swift */ = {isa = PBXFileReference; lastKnownFileType = sourcecode.swift; path = TextInputArea.swift; sourceTree = "<group>"; };
		DFC694D62C591A6400887AC6 /* ChatRoomScreenView.swift */ = {isa = PBXFileReference; lastKnownFileType = sourcecode.swift; path = ChatRoomScreenView.swift; sourceTree = "<group>"; };
		DFF964F72C5A42ED00B69C6B /* MessageListController.swift */ = {isa = PBXFileReference; lastKnownFileType = sourcecode.swift; path = MessageListController.swift; sourceTree = "<group>"; };
		DFF964FB2C5A47AD00B69C6B /* MessageListView.swift */ = {isa = PBXFileReference; lastKnownFileType = sourcecode.swift; path = MessageListView.swift; sourceTree = "<group>"; };
		DFF964FE2C5A498B00B69C6B /* MessageItem.swift */ = {isa = PBXFileReference; lastKnownFileType = sourcecode.swift; path = MessageItem.swift; sourceTree = "<group>"; };
		DFF965002C5A4A7300B69C6B /* BubbleTextView.swift */ = {isa = PBXFileReference; lastKnownFileType = sourcecode.swift; path = BubbleTextView.swift; sourceTree = "<group>"; };
		DFF965032C5A4BA900B69C6B /* CustomModifiers.swift */ = {isa = PBXFileReference; lastKnownFileType = sourcecode.swift; path = CustomModifiers.swift; sourceTree = "<group>"; };
		DFF965052C5A4C5900B69C6B /* BubbleTailView.swift */ = {isa = PBXFileReference; lastKnownFileType = sourcecode.swift; path = BubbleTailView.swift; sourceTree = "<group>"; };
/* End PBXFileReference section */

/* Begin PBXFrameworksBuildPhase section */
		DFC0145A2C57B9610081E0B6 /* Frameworks */ = {
			isa = PBXFrameworksBuildPhase;
			buildActionMask = 2147483647;
			files = (
			);
			runOnlyForDeploymentPostprocessing = 0;
		};
/* End PBXFrameworksBuildPhase section */

/* Begin PBXGroup section */
		DF0D062B2C58F60300FA8660 /* Screens */ = {
			isa = PBXGroup;
			children = (
				DF0D062C2C58F60D00FA8660 /* Calls */,
				DF0D06342C58FC2300FA8660 /* Channel */,
				DFC694D22C59184400887AC6 /* Chat */,
				DF0D06302C58F90300FA8660 /* Community */,
				DFC694C92C590D5400887AC6 /* Settings */,
				DF0D062E2C58F65200FA8660 /* Updates */,
			);
			path = Screens;
			sourceTree = "<group>";
		};
		DF0D062C2C58F60D00FA8660 /* Calls */ = {
			isa = PBXGroup;
			children = (
				DF0D062D2C58F61200FA8660 /* Views */,
			);
			path = Calls;
			sourceTree = "<group>";
		};
		DF0D062D2C58F61200FA8660 /* Views */ = {
			isa = PBXGroup;
			children = (
				DF0D06292C58EA1E00FA8660 /* CallsTabScreenView.swift */,
			);
			path = Views;
			sourceTree = "<group>";
		};
		DF0D062E2C58F65200FA8660 /* Updates */ = {
			isa = PBXGroup;
			children = (
				DF0D062F2C58F65A00FA8660 /* Views */,
			);
			path = Updates;
			sourceTree = "<group>";
		};
		DF0D062F2C58F65A00FA8660 /* Views */ = {
			isa = PBXGroup;
			children = (
				DFC014722C57C0A20081E0B6 /* UpdatesTabScreenView.swift */,
			);
			path = Views;
			sourceTree = "<group>";
		};
		DF0D06302C58F90300FA8660 /* Community */ = {
			isa = PBXGroup;
			children = (
				DF0D06312C58F90600FA8660 /* Views */,
			);
			path = Community;
			sourceTree = "<group>";
		};
		DF0D06312C58F90600FA8660 /* Views */ = {
			isa = PBXGroup;
			children = (
				DF0D06322C58F91C00FA8660 /* CommunityTabScreenView.swift */,
			);
			path = Views;
			sourceTree = "<group>";
		};
		DF0D06342C58FC2300FA8660 /* Channel */ = {
			isa = PBXGroup;
			children = (
				DF0D06352C58FC2D00FA8660 /* Views */,
			);
			path = Channel;
			sourceTree = "<group>";
		};
		DF0D06352C58FC2D00FA8660 /* Views */ = {
			isa = PBXGroup;
			children = (
				DF0D06382C58FE2100FA8660 /* ChannelItemView.swift */,
				DF0D06362C58FC6300FA8660 /* ChannelTabScreenView.swift */,
			);
			path = Views;
			sourceTree = "<group>";
		};
		DFC014542C57B9610081E0B6 = {
			isa = PBXGroup;
			children = (
				DFC0145F2C57B9610081E0B6 /* WhatsAppClone */,
				DFC014712C57BE920081E0B6 /* README.md */,
				DFC0145E2C57B9610081E0B6 /* Products */,
			);
			sourceTree = "<group>";
		};
		DFC0145E2C57B9610081E0B6 /* Products */ = {
			isa = PBXGroup;
			children = (
				DFC0145D2C57B9610081E0B6 /* WhatsAppClone.app */,
			);
			name = Products;
			sourceTree = "<group>";
		};
		DFC0145F2C57B9610081E0B6 /* WhatsAppClone */ = {
			isa = PBXGroup;
			children = (
				DFF965022C5A4B8F00B69C6B /* Helpers */,
				DFC0146E2C57B9830081E0B6 /* App */,
				DFC0146F2C57B9B00081E0B6 /* MainTabView.swift */,
				DFC014662C57B9620081E0B6 /* Preview Content */,
				DF0D062B2C58F60300FA8660 /* Screens */,
			);
			path = WhatsAppClone;
			sourceTree = "<group>";
		};
		DFC014662C57B9620081E0B6 /* Preview Content */ = {
			isa = PBXGroup;
			children = (
				DFC014672C57B9620081E0B6 /* Preview Assets.xcassets */,
			);
			path = "Preview Content";
			sourceTree = "<group>";
		};
		DFC0146E2C57B9830081E0B6 /* App */ = {
			isa = PBXGroup;
			children = (
				DFC014602C57B9610081E0B6 /* WhatsAppCloneApp.swift */,
				DFC014642C57B9620081E0B6 /* Assets.xcassets */,
			);
			path = App;
			sourceTree = "<group>";
		};
		DFC694C92C590D5400887AC6 /* Settings */ = {
			isa = PBXGroup;
			children = (
				DFC694CB2C590D6500887AC6 /* Models */,
				DFC694CA2C590D5E00887AC6 /* Views */,
			);
			path = Settings;
			sourceTree = "<group>";
		};
		DFC694CA2C590D5E00887AC6 /* Views */ = {
			isa = PBXGroup;
			children = (
				DFC694CE2C590DC400887AC6 /* SettingsItemView.swift */,
				DFC694D02C590EED00887AC6 /* SettingsTabScreen.swift */,
			);
			path = Views;
			sourceTree = "<group>";
		};
		DFC694CB2C590D6500887AC6 /* Models */ = {
			isa = PBXGroup;
			children = (
				DFC694CC2C590D8700887AC6 /* SettingsItem.swift */,
			);
			path = Models;
			sourceTree = "<group>";
		};
		DFC694D22C59184400887AC6 /* Chat */ = {
			isa = PBXGroup;
			children = (
				DFF964F72C5A42ED00B69C6B /* MessageListController.swift */,
				DFF964FB2C5A47AD00B69C6B /* MessageListView.swift */,
				DFF964FD2C5A497700B69C6B /* Models */,
				DFC694D32C59184B00887AC6 /* Views */,
			);
			path = Chat;
			sourceTree = "<group>";
		};
		DFC694D32C59184B00887AC6 /* Views */ = {
			isa = PBXGroup;
			children = (
				DF3872D52C5A647800B9D65E /* BubbleImageView.swift */,
				DFF965052C5A4C5900B69C6B /* BubbleTailView.swift */,
				DFF965002C5A4A7300B69C6B /* BubbleTextView.swift */,
				DFC694D62C591A6400887AC6 /* ChatRoomScreenView.swift */,
				DFC694D42C59186900887AC6 /* TextInputArea.swift */,
			);
			path = Views;
			sourceTree = "<group>";
		};
		DFF964FD2C5A497700B69C6B /* Models */ = {
			isa = PBXGroup;
			children = (
				DFF964FE2C5A498B00B69C6B /* MessageItem.swift */,
			);
			path = Models;
			sourceTree = "<group>";
		};
		DFF965022C5A4B8F00B69C6B /* Helpers */ = {
			isa = PBXGroup;
			children = (
				DFF965032C5A4BA900B69C6B /* CustomModifiers.swift */,
			);
			path = Helpers;
			sourceTree = "<group>";
		};
/* End PBXGroup section */

/* Begin PBXNativeTarget section */
		DFC0145C2C57B9610081E0B6 /* WhatsAppClone */ = {
			isa = PBXNativeTarget;
			buildConfigurationList = DFC0146B2C57B9620081E0B6 /* Build configuration list for PBXNativeTarget "WhatsAppClone" */;
			buildPhases = (
				DFC014592C57B9610081E0B6 /* Sources */,
				DFC0145A2C57B9610081E0B6 /* Frameworks */,
				DFC0145B2C57B9610081E0B6 /* Resources */,
			);
			buildRules = (
			);
			dependencies = (
			);
			name = WhatsAppClone;
			productName = WhatsAppClone;
			productReference = DFC0145D2C57B9610081E0B6 /* WhatsAppClone.app */;
			productType = "com.apple.product-type.application";
		};
/* End PBXNativeTarget section */

/* Begin PBXProject section */
		DFC014552C57B9610081E0B6 /* Project object */ = {
			isa = PBXProject;
			attributes = {
				BuildIndependentTargetsInParallel = 1;
				LastSwiftUpdateCheck = 1540;
				LastUpgradeCheck = 1540;
				TargetAttributes = {
					DFC0145C2C57B9610081E0B6 = {
						CreatedOnToolsVersion = 15.4;
					};
				};
			};
			buildConfigurationList = DFC014582C57B9610081E0B6 /* Build configuration list for PBXProject "WhatsAppClone" */;
			compatibilityVersion = "Xcode 14.0";
			developmentRegion = en;
			hasScannedForEncodings = 0;
			knownRegions = (
				en,
				Base,
			);
			mainGroup = DFC014542C57B9610081E0B6;
			productRefGroup = DFC0145E2C57B9610081E0B6 /* Products */;
			projectDirPath = "";
			projectRoot = "";
			targets = (
				DFC0145C2C57B9610081E0B6 /* WhatsAppClone */,
			);
		};
/* End PBXProject section */

/* Begin PBXResourcesBuildPhase section */
		DFC0145B2C57B9610081E0B6 /* Resources */ = {
			isa = PBXResourcesBuildPhase;
			buildActionMask = 2147483647;
			files = (
				DFC014682C57B9620081E0B6 /* Preview Assets.xcassets in Resources */,
				DFC014652C57B9620081E0B6 /* Assets.xcassets in Resources */,
			);
			runOnlyForDeploymentPostprocessing = 0;
		};
/* End PBXResourcesBuildPhase section */

/* Begin PBXSourcesBuildPhase section */
		DFC014592C57B9610081E0B6 /* Sources */ = {
			isa = PBXSourcesBuildPhase;
			buildActionMask = 2147483647;
			files = (
				DF0D06372C58FC6300FA8660 /* ChannelTabScreenView.swift in Sources */,
				DFC014732C57C0A20081E0B6 /* UpdatesTabScreenView.swift in Sources */,
				DFF965062C5A4C5900B69C6B /* BubbleTailView.swift in Sources */,
				DF0D06332C58F91C00FA8660 /* CommunityTabScreenView.swift in Sources */,
				DF0D062A2C58EA1E00FA8660 /* CallsTabScreenView.swift in Sources */,
				DFF964F82C5A42ED00B69C6B /* MessageListController.swift in Sources */,
				DFC694D12C590EED00887AC6 /* SettingsTabScreen.swift in Sources */,
				DFF965042C5A4BA900B69C6B /* CustomModifiers.swift in Sources */,
				DFC014612C57B9610081E0B6 /* WhatsAppCloneApp.swift in Sources */,
				DF3872D62C5A647800B9D65E /* BubbleImageView.swift in Sources */,
				DFC694CD2C590D8700887AC6 /* SettingsItem.swift in Sources */,
				DFF964FC2C5A47AD00B69C6B /* MessageListView.swift in Sources */,
				DFC694D72C591A6400887AC6 /* ChatRoomScreenView.swift in Sources */,
				DFC694D52C59186900887AC6 /* TextInputArea.swift in Sources */,
				DFF965012C5A4A7300B69C6B /* BubbleTextView.swift in Sources */,
				DFF964FF2C5A498B00B69C6B /* MessageItem.swift in Sources */,
				DFC694CF2C590DC400887AC6 /* SettingsItemView.swift in Sources */,
				DF0D06392C58FE2100FA8660 /* ChannelItemView.swift in Sources */,
				DFC014702C57B9B00081E0B6 /* MainTabView.swift in Sources */,
			);
			runOnlyForDeploymentPostprocessing = 0;
		};
/* End PBXSourcesBuildPhase section */

/* Begin XCBuildConfiguration section */
		DFC014692C57B9620081E0B6 /* Debug */ = {
			isa = XCBuildConfiguration;
			buildSettings = {
				ALWAYS_SEARCH_USER_PATHS = NO;
				ASSETCATALOG_COMPILER_GENERATE_SWIFT_ASSET_SYMBOL_EXTENSIONS = YES;
				CLANG_ANALYZER_NONNULL = YES;
				CLANG_ANALYZER_NUMBER_OBJECT_CONVERSION = YES_AGGRESSIVE;
				CLANG_CXX_LANGUAGE_STANDARD = "gnu++20";
				CLANG_ENABLE_MODULES = YES;
				CLANG_ENABLE_OBJC_ARC = YES;
				CLANG_ENABLE_OBJC_WEAK = YES;
				CLANG_WARN_BLOCK_CAPTURE_AUTORELEASING = YES;
				CLANG_WARN_BOOL_CONVERSION = YES;
				CLANG_WARN_COMMA = YES;
				CLANG_WARN_CONSTANT_CONVERSION = YES;
				CLANG_WARN_DEPRECATED_OBJC_IMPLEMENTATIONS = YES;
				CLANG_WARN_DIRECT_OBJC_ISA_USAGE = YES_ERROR;
				CLANG_WARN_DOCUMENTATION_COMMENTS = YES;
				CLANG_WARN_EMPTY_BODY = YES;
				CLANG_WARN_ENUM_CONVERSION = YES;
				CLANG_WARN_INFINITE_RECURSION = YES;
				CLANG_WARN_INT_CONVERSION = YES;
				CLANG_WARN_NON_LITERAL_NULL_CONVERSION = YES;
				CLANG_WARN_OBJC_IMPLICIT_RETAIN_SELF = YES;
				CLANG_WARN_OBJC_LITERAL_CONVERSION = YES;
				CLANG_WARN_OBJC_ROOT_CLASS = YES_ERROR;
				CLANG_WARN_QUOTED_INCLUDE_IN_FRAMEWORK_HEADER = YES;
				CLANG_WARN_RANGE_LOOP_ANALYSIS = YES;
				CLANG_WARN_STRICT_PROTOTYPES = YES;
				CLANG_WARN_SUSPICIOUS_MOVE = YES;
				CLANG_WARN_UNGUARDED_AVAILABILITY = YES_AGGRESSIVE;
				CLANG_WARN_UNREACHABLE_CODE = YES;
				CLANG_WARN__DUPLICATE_METHOD_MATCH = YES;
				COPY_PHASE_STRIP = NO;
				DEBUG_INFORMATION_FORMAT = dwarf;
				ENABLE_STRICT_OBJC_MSGSEND = YES;
				ENABLE_TESTABILITY = YES;
				ENABLE_USER_SCRIPT_SANDBOXING = YES;
				GCC_C_LANGUAGE_STANDARD = gnu17;
				GCC_DYNAMIC_NO_PIC = NO;
				GCC_NO_COMMON_BLOCKS = YES;
				GCC_OPTIMIZATION_LEVEL = 0;
				GCC_PREPROCESSOR_DEFINITIONS = (
					"DEBUG=1",
					"$(inherited)",
				);
				GCC_WARN_64_TO_32_BIT_CONVERSION = YES;
				GCC_WARN_ABOUT_RETURN_TYPE = YES_ERROR;
				GCC_WARN_UNDECLARED_SELECTOR = YES;
				GCC_WARN_UNINITIALIZED_AUTOS = YES_AGGRESSIVE;
				GCC_WARN_UNUSED_FUNCTION = YES;
				GCC_WARN_UNUSED_VARIABLE = YES;
				IPHONEOS_DEPLOYMENT_TARGET = 17.5;
				LOCALIZATION_PREFERS_STRING_CATALOGS = YES;
				MTL_ENABLE_DEBUG_INFO = INCLUDE_SOURCE;
				MTL_FAST_MATH = YES;
				ONLY_ACTIVE_ARCH = YES;
				SDKROOT = iphoneos;
				SWIFT_ACTIVE_COMPILATION_CONDITIONS = "DEBUG $(inherited)";
				SWIFT_OPTIMIZATION_LEVEL = "-Onone";
			};
			name = Debug;
		};
		DFC0146A2C57B9620081E0B6 /* Release */ = {
			isa = XCBuildConfiguration;
			buildSettings = {
				ALWAYS_SEARCH_USER_PATHS = NO;
				ASSETCATALOG_COMPILER_GENERATE_SWIFT_ASSET_SYMBOL_EXTENSIONS = YES;
				CLANG_ANALYZER_NONNULL = YES;
				CLANG_ANALYZER_NUMBER_OBJECT_CONVERSION = YES_AGGRESSIVE;
				CLANG_CXX_LANGUAGE_STANDARD = "gnu++20";
				CLANG_ENABLE_MODULES = YES;
				CLANG_ENABLE_OBJC_ARC = YES;
				CLANG_ENABLE_OBJC_WEAK = YES;
				CLANG_WARN_BLOCK_CAPTURE_AUTORELEASING = YES;
				CLANG_WARN_BOOL_CONVERSION = YES;
				CLANG_WARN_COMMA = YES;
				CLANG_WARN_CONSTANT_CONVERSION = YES;
				CLANG_WARN_DEPRECATED_OBJC_IMPLEMENTATIONS = YES;
				CLANG_WARN_DIRECT_OBJC_ISA_USAGE = YES_ERROR;
				CLANG_WARN_DOCUMENTATION_COMMENTS = YES;
				CLANG_WARN_EMPTY_BODY = YES;
				CLANG_WARN_ENUM_CONVERSION = YES;
				CLANG_WARN_INFINITE_RECURSION = YES;
				CLANG_WARN_INT_CONVERSION = YES;
				CLANG_WARN_NON_LITERAL_NULL_CONVERSION = YES;
				CLANG_WARN_OBJC_IMPLICIT_RETAIN_SELF = YES;
				CLANG_WARN_OBJC_LITERAL_CONVERSION = YES;
				CLANG_WARN_OBJC_ROOT_CLASS = YES_ERROR;
				CLANG_WARN_QUOTED_INCLUDE_IN_FRAMEWORK_HEADER = YES;
				CLANG_WARN_RANGE_LOOP_ANALYSIS = YES;
				CLANG_WARN_STRICT_PROTOTYPES = YES;
				CLANG_WARN_SUSPICIOUS_MOVE = YES;
				CLANG_WARN_UNGUARDED_AVAILABILITY = YES_AGGRESSIVE;
				CLANG_WARN_UNREACHABLE_CODE = YES;
				CLANG_WARN__DUPLICATE_METHOD_MATCH = YES;
				COPY_PHASE_STRIP = NO;
				DEBUG_INFORMATION_FORMAT = "dwarf-with-dsym";
				ENABLE_NS_ASSERTIONS = NO;
				ENABLE_STRICT_OBJC_MSGSEND = YES;
				ENABLE_USER_SCRIPT_SANDBOXING = YES;
				GCC_C_LANGUAGE_STANDARD = gnu17;
				GCC_NO_COMMON_BLOCKS = YES;
				GCC_WARN_64_TO_32_BIT_CONVERSION = YES;
				GCC_WARN_ABOUT_RETURN_TYPE = YES_ERROR;
				GCC_WARN_UNDECLARED_SELECTOR = YES;
				GCC_WARN_UNINITIALIZED_AUTOS = YES_AGGRESSIVE;
				GCC_WARN_UNUSED_FUNCTION = YES;
				GCC_WARN_UNUSED_VARIABLE = YES;
				IPHONEOS_DEPLOYMENT_TARGET = 17.5;
				LOCALIZATION_PREFERS_STRING_CATALOGS = YES;
				MTL_ENABLE_DEBUG_INFO = NO;
				MTL_FAST_MATH = YES;
				SDKROOT = iphoneos;
				SWIFT_COMPILATION_MODE = wholemodule;
				VALIDATE_PRODUCT = YES;
			};
			name = Release;
		};
		DFC0146C2C57B9620081E0B6 /* Debug */ = {
			isa = XCBuildConfiguration;
			buildSettings = {
				ASSETCATALOG_COMPILER_APPICON_NAME = AppIcon;
				ASSETCATALOG_COMPILER_GLOBAL_ACCENT_COLOR_NAME = AccentColor;
				CODE_SIGN_STYLE = Automatic;
				CURRENT_PROJECT_VERSION = 1;
				DEVELOPMENT_ASSET_PATHS = "\"WhatsAppClone/Preview Content\"";
				ENABLE_PREVIEWS = YES;
				GENERATE_INFOPLIST_FILE = YES;
				INFOPLIST_KEY_UIApplicationSceneManifest_Generation = YES;
				INFOPLIST_KEY_UIApplicationSupportsIndirectInputEvents = YES;
				INFOPLIST_KEY_UILaunchScreen_Generation = YES;
				INFOPLIST_KEY_UISupportedInterfaceOrientations_iPad = "UIInterfaceOrientationPortrait UIInterfaceOrientationPortraitUpsideDown UIInterfaceOrientationLandscapeLeft UIInterfaceOrientationLandscapeRight";
				INFOPLIST_KEY_UISupportedInterfaceOrientations_iPhone = "UIInterfaceOrientationPortrait UIInterfaceOrientationLandscapeLeft UIInterfaceOrientationLandscapeRight";
				LD_RUNPATH_SEARCH_PATHS = (
					"$(inherited)",
					"@executable_path/Frameworks",
				);
				MARKETING_VERSION = 1.0;
				PRODUCT_BUNDLE_IDENTIFIER = me.ozmus.enes.WhatsAppClone;
				PRODUCT_NAME = "$(TARGET_NAME)";
				SWIFT_EMIT_LOC_STRINGS = YES;
				SWIFT_VERSION = 5.0;
				TARGETED_DEVICE_FAMILY = "1,2";
			};
			name = Debug;
		};
		DFC0146D2C57B9620081E0B6 /* Release */ = {
			isa = XCBuildConfiguration;
			buildSettings = {
				ASSETCATALOG_COMPILER_APPICON_NAME = AppIcon;
				ASSETCATALOG_COMPILER_GLOBAL_ACCENT_COLOR_NAME = AccentColor;
				CODE_SIGN_STYLE = Automatic;
				CURRENT_PROJECT_VERSION = 1;
				DEVELOPMENT_ASSET_PATHS = "\"WhatsAppClone/Preview Content\"";
				ENABLE_PREVIEWS = YES;
				GENERATE_INFOPLIST_FILE = YES;
				INFOPLIST_KEY_UIApplicationSceneManifest_Generation = YES;
				INFOPLIST_KEY_UIApplicationSupportsIndirectInputEvents = YES;
				INFOPLIST_KEY_UILaunchScreen_Generation = YES;
				INFOPLIST_KEY_UISupportedInterfaceOrientations_iPad = "UIInterfaceOrientationPortrait UIInterfaceOrientationPortraitUpsideDown UIInterfaceOrientationLandscapeLeft UIInterfaceOrientationLandscapeRight";
				INFOPLIST_KEY_UISupportedInterfaceOrientations_iPhone = "UIInterfaceOrientationPortrait UIInterfaceOrientationLandscapeLeft UIInterfaceOrientationLandscapeRight";
				LD_RUNPATH_SEARCH_PATHS = (
					"$(inherited)",
					"@executable_path/Frameworks",
				);
				MARKETING_VERSION = 1.0;
				PRODUCT_BUNDLE_IDENTIFIER = me.ozmus.enes.WhatsAppClone;
				PRODUCT_NAME = "$(TARGET_NAME)";
				SWIFT_EMIT_LOC_STRINGS = YES;
				SWIFT_VERSION = 5.0;
				TARGETED_DEVICE_FAMILY = "1,2";
			};
			name = Release;
		};
/* End XCBuildConfiguration section */

/* Begin XCConfigurationList section */
		DFC014582C57B9610081E0B6 /* Build configuration list for PBXProject "WhatsAppClone" */ = {
			isa = XCConfigurationList;
			buildConfigurations = (
				DFC014692C57B9620081E0B6 /* Debug */,
				DFC0146A2C57B9620081E0B6 /* Release */,
			);
			defaultConfigurationIsVisible = 0;
			defaultConfigurationName = Release;
		};
		DFC0146B2C57B9620081E0B6 /* Build configuration list for PBXNativeTarget "WhatsAppClone" */ = {
			isa = XCConfigurationList;
			buildConfigurations = (
				DFC0146C2C57B9620081E0B6 /* Debug */,
				DFC0146D2C57B9620081E0B6 /* Release */,
			);
			defaultConfigurationIsVisible = 0;
			defaultConfigurationName = Release;
		};
/* End XCConfigurationList section */
	};
	rootObject = DFC014552C57B9610081E0B6 /* Project object */;
}
